
Microsoft Visual Studio Solution File, Format Version 12.00
# Visual Studio Version 17
VisualStudioVersion = 17.3.32819.101
MinimumVisualStudioVersion = 10.0.40219.1
Project("{9A19103F-16F7-4668-BE54-9A1E7A4F7556}") = "ArenaVirtual", "KittensSports\ArenaVirtual.csproj", "{FFA2A5A1-65E6-48B3-B633-56E09E22628A}"
EndProject
Global
	GlobalSection(SolutionConfigurationPlatforms) = preSolution
		Debug|Any CPU = Debug|Any CPU
		Release|Any CPU = Release|Any CPU
	EndGlobalSection
	GlobalSection(ProjectConfigurationPlatforms) = postSolution
		{FFA2A5A1-65E6-48B3-B633-56E09E22628A}.Debug|Any CPU.ActiveCfg = Debug|Any CPU
		{FFA2A5A1-65E6-48B3-B633-56E09E22628A}.Debug|Any CPU.Build.0 = Debug|Any CPU
		{FFA2A5A1-65E6-48B3-B633-56E09E22628A}.Release|Any CPU.ActiveCfg = Release|Any CPU
		{FFA2A5A1-65E6-48B3-B633-56E09E22628A}.Release|Any CPU.Build.0 = Release|Any CPU
	EndGlobalSection
	GlobalSection(SolutionProperties) = preSolution
		HideSolutionNode = FALSE
	EndGlobalSection
	GlobalSection(ExtensibilityGlobals) = postSolution
		SolutionGuid = {7E36CC12-E6ED-4B56-9A27-0B44EA957FC4}
	EndGlobalSection
EndGlobal
